Microsoft Visual Studio Solution File, Format Version 12.00
# Visual Studio Version 17
VisualStudioVersion = 17.0.31903.59
MinimumVisualStudioVersion = 10.0.40219.1

# Shared Kernel
Project("{FAE04EC0-301F-11D3-BF4B-00C04F79EFBC}") = "Wisgenix.SharedKernel", "Wisgenix.SharedKernel\Wisgenix.SharedKernel.csproj", "{A1B2C3D4-E5F6-7890-ABCD-EF1234567890}"
EndProject

# Content Bounded Context
Project("{FAE04EC0-301F-11D3-BF4B-00C04F79EFBC}") = "Content.Domain", "Content.Domain\Content.Domain.csproj", "{C1D2E3F4-A5B6-7890-CDEF-123456789ABC}"
EndProject
Project("{FAE04EC0-301F-11D3-BF4B-00C04F79EFBC}") = "Content.Application", "Content.Application\Content.Application.csproj", "{C2D3E4F5-B6A7-8901-DEF1-23456789ABCD}"
EndProject
Project("{FAE04EC0-301F-11D3-BF4B-00C04F79EFBC}") = "Content.Infrastructure", "Content.Infrastructure\Content.Infrastructure.csproj", "{C3D4E5F6-A7B8-9012-EF12-3456789ABCDE}"
EndProject
Project("{FAE04EC0-301F-11D3-BF4B-00C04F79EFBC}") = "Content.API", "Content.API\Content.API.csproj", "{C4D5E6F7-B8A9-0123-F123-456789ABCDEF}"
EndProject
Project("{FAE04EC0-301F-11D3-BF4B-00C04F79EFBC}") = "Content.Tests", "Content.Tests\Content.Tests.csproj", "{C5D6E7F8-A9B0-1234-F234-56789ABCDEF0}"
EndProject

Global
	GlobalSection(SolutionConfigurationPlatforms) = preSolution
		Debug|Any CPU = Debug|Any CPU
		Release|Any CPU = Release|Any CPU
	EndGlobalSection
	GlobalSection(ProjectConfigurationPlatforms) = postSolution
		{A1B2C3D4-E5F6-7890-ABCD-EF1234567890}.Debug|Any CPU.ActiveCfg = Debug|Any CPU
		{A1B2C3D4-E5F6-7890-ABCD-EF1234567890}.Debug|Any CPU.Build.0 = Debug|Any CPU
		{A1B2C3D4-E5F6-7890-ABCD-EF1234567890}.Release|Any CPU.ActiveCfg = Release|Any CPU
		{A1B2C3D4-E5F6-7890-ABCD-EF1234567890}.Release|Any CPU.Build.0 = Release|Any CPU
		{C1D2E3F4-A5B6-7890-CDEF-123456789ABC}.Debug|Any CPU.ActiveCfg = Debug|Any CPU
		{C1D2E3F4-A5B6-7890-CDEF-123456789ABC}.Debug|Any CPU.Build.0 = Debug|Any CPU
		{C1D2E3F4-A5B6-7890-CDEF-123456789ABC}.Release|Any CPU.ActiveCfg = Release|Any CPU
		{C1D2E3F4-A5B6-7890-CDEF-123456789ABC}.Release|Any CPU.Build.0 = Release|Any CPU
		{C2D3E4F5-B6A7-8901-DEF1-23456789ABCD}.Debug|Any CPU.ActiveCfg = Debug|Any CPU
		{C2D3E4F5-B6A7-8901-DEF1-23456789ABCD}.Debug|Any CPU.Build.0 = Debug|Any CPU
		{C2D3E4F5-B6A7-8901-DEF1-23456789ABCD}.Release|Any CPU.ActiveCfg = Release|Any CPU
		{C2D3E4F5-B6A7-8901-DEF1-23456789ABCD}.Release|Any CPU.Build.0 = Release|Any CPU
		{C3D4E5F6-A7B8-9012-EF12-3456789ABCDE}.Debug|Any CPU.ActiveCfg = Debug|Any CPU
		{C3D4E5F6-A7B8-9012-EF12-3456789ABCDE}.Debug|Any CPU.Build.0 = Debug|Any CPU
		{C3D4E5F6-A7B8-9012-EF12-3456789ABCDE}.Release|Any CPU.ActiveCfg = Release|Any CPU
		{C3D4E5F6-A7B8-9012-EF12-3456789ABCDE}.Release|Any CPU.Build.0 = Release|Any CPU
		{C4D5E6F7-B8A9-0123-F123-456789ABCDEF}.Debug|Any CPU.ActiveCfg = Debug|Any CPU
		{C4D5E6F7-B8A9-0123-F123-456789ABCDEF}.Debug|Any CPU.Build.0 = Debug|Any CPU
		{C4D5E6F7-B8A9-0123-F123-456789ABCDEF}.Release|Any CPU.ActiveCfg = Release|Any CPU
		{C4D5E6F7-B8A9-0123-F123-456789ABCDEF}.Release|Any CPU.Build.0 = Release|Any CPU
		{C5D6E7F8-A9B0-1234-F234-56789ABCDEF0}.Debug|Any CPU.ActiveCfg = Debug|Any CPU
		{C5D6E7F8-A9B0-1234-F234-56789ABCDEF0}.Debug|Any CPU.Build.0 = Debug|Any CPU
		{C5D6E7F8-A9B0-1234-F234-56789ABCDEF0}.Release|Any CPU.ActiveCfg = Release|Any CPU
		{C5D6E7F8-A9B0-1234-F234-56789ABCDEF0}.Release|Any CPU.Build.0 = Release|Any CPU
	EndGlobalSection
	GlobalSection(SolutionProperties) = preSolution
		HideSolutionNode = FALSE
	EndGlobalSection
	GlobalSection(NestedProjects) = preSolution
	EndGlobalSection
	GlobalSection(ExtensibilityGlobals) = postSolution
		SolutionGuid = {C0D1E2F3-A4B5-6789-CDEF-0123456789AB}
	EndGlobalSection
EndGlobal
